
Microsoft Visual Studio Solution File, Format Version 12.00
# Visual Studio 14
VisualStudioVersion = 14.0.25420.1
MinimumVisualStudioVersion = 10.0.40219.1
Project("{FAE04EC0-301F-11D3-BF4B-00C04F79EFBC}") = "TagSortService", "TagSortService\TagSortService.csproj", "{B3CFBF0C-086D-413D-A597-E79C1DF82F1E}"
EndProject
Project("{FAE04EC0-301F-11D3-BF4B-00C04F79EFBC}") = "TagSortService.Tests", "TagSortService.Tests\TagSortService.Tests.csproj", "{6E3DA77B-14AF-4B2B-B5CD-3529A10B479D}"
EndProject
Project("{FAE04EC0-301F-11D3-BF4B-00C04F79EFBC}") = "Bookmarks.Common", "..\Tagging-Util\Common\Bookmarks.Common.csproj", "{EC9BFCFE-70B5-429B-A540-A3AADC6575E5}"
EndProject
Project("{FAE04EC0-301F-11D3-BF4B-00C04F79EFBC}") = "Bookmarks.Mongo.Data", "Bookmarks.Mongo.Data\Bookmarks.Mongo.Data.csproj", "{917AAFD0-6698-4476-93E6-0DDFB7154CA9}"
EndProject
Global
	GlobalSection(SolutionConfigurationPlatforms) = preSolution
		Debug|Any CPU = Debug|Any CPU
		Release|Any CPU = Release|Any CPU
	EndGlobalSection
	GlobalSection(ProjectConfigurationPlatforms) = postSolution
		{B3CFBF0C-086D-413D-A597-E79C1DF82F1E}.Debug|Any CPU.ActiveCfg = Debug|Any CPU
		{B3CFBF0C-086D-413D-A597-E79C1DF82F1E}.Debug|Any CPU.Build.0 = Debug|Any CPU
		{B3CFBF0C-086D-413D-A597-E79C1DF82F1E}.Release|Any CPU.ActiveCfg = Release|Any CPU
		{B3CFBF0C-086D-413D-A597-E79C1DF82F1E}.Release|Any CPU.Build.0 = Release|Any CPU
		{6E3DA77B-14AF-4B2B-B5CD-3529A10B479D}.Debug|Any CPU.ActiveCfg = Debug|Any CPU
		{6E3DA77B-14AF-4B2B-B5CD-3529A10B479D}.Debug|Any CPU.Build.0 = Debug|Any CPU
		{6E3DA77B-14AF-4B2B-B5CD-3529A10B479D}.Release|Any CPU.ActiveCfg = Release|Any CPU
		{6E3DA77B-14AF-4B2B-B5CD-3529A10B479D}.Release|Any CPU.Build.0 = Release|Any CPU
		{EC9BFCFE-70B5-429B-A540-A3AADC6575E5}.Debug|Any CPU.ActiveCfg = Debug|Any CPU
		{EC9BFCFE-70B5-429B-A540-A3AADC6575E5}.Debug|Any CPU.Build.0 = Debug|Any CPU
		{EC9BFCFE-70B5-429B-A540-A3AADC6575E5}.Release|Any CPU.ActiveCfg = Release|Any CPU
		{EC9BFCFE-70B5-429B-A540-A3AADC6575E5}.Release|Any CPU.Build.0 = Release|Any CPU
		{917AAFD0-6698-4476-93E6-0DDFB7154CA9}.Debug|Any CPU.ActiveCfg = Debug|Any CPU
		{917AAFD0-6698-4476-93E6-0DDFB7154CA9}.Debug|Any CPU.Build.0 = Debug|Any CPU
		{917AAFD0-6698-4476-93E6-0DDFB7154CA9}.Release|Any CPU.ActiveCfg = Release|Any CPU
		{917AAFD0-6698-4476-93E6-0DDFB7154CA9}.Release|Any CPU.Build.0 = Release|Any CPU
	EndGlobalSection
	GlobalSection(SolutionProperties) = preSolution
		HideSolutionNode = FALSE
	EndGlobalSection
EndGlobal
